
Microsoft Visual Studio Solution File, Format Version 12.00
# Visual Studio Version 17
VisualStudioVersion = 17.9.34728.123
MinimumVisualStudioVersion = 10.0.40219.1
Project("{8BC9CEB8-8B4A-11D0-8D11-00A0C91BC942}") = "Zadanie szpital", "Zadanie szpital.vcxproj", "{F31150C1-C867-4B8B-AAB0-4CFE591D2234}"
EndProject
Global
	GlobalSection(SolutionConfigurationPlatforms) = preSolution
		Debug|x64 = Debug|x64
		Debug|x86 = Debug|x86
		Release|x64 = Release|x64
		Release|x86 = Release|x86
	EndGlobalSection
	GlobalSection(ProjectConfigurationPlatforms) = postSolution
		{F31150C1-C867-4B8B-AAB0-4CFE591D2234}.Debug|x64.ActiveCfg = Debug|x64
		{F31150C1-C867-4B8B-AAB0-4CFE591D2234}.Debug|x64.Build.0 = Debug|x64
		{F31150C1-C867-4B8B-AAB0-4CFE591D2234}.Debug|x86.ActiveCfg = Debug|Win32
		{F31150C1-C867-4B8B-AAB0-4CFE591D2234}.Debug|x86.Build.0 = Debug|Win32
		{F31150C1-C867-4B8B-AAB0-4CFE591D2234}.Release|x64.ActiveCfg = Release|x64
		{F31150C1-C867-4B8B-AAB0-4CFE591D2234}.Release|x64.Build.0 = Release|x64
		{F31150C1-C867-4B8B-AAB0-4CFE591D2234}.Release|x86.ActiveCfg = Release|Win32
		{F31150C1-C867-4B8B-AAB0-4CFE591D2234}.Release|x86.Build.0 = Release|Win32
	EndGlobalSection
	GlobalSection(SolutionProperties) = preSolution
		HideSolutionNode = FALSE
	EndGlobalSection
	GlobalSection(ExtensibilityGlobals) = postSolution
		SolutionGuid = {B1CF40C1-849F-48AE-9AD2-813E6FF9388F}
	EndGlobalSection
EndGlobal
